{
  "nodes": {
    "nix-crx": {
      "inputs": {
        "nixpkgs": [
          "nix-webext",
          "nixpkgs"
        ]
      },
      "locked": {
        "lastModified": 1781106844,
        "narHash": "sha256-yM3HgqnPngvnmDH40TM3zZjE/qAVzLxIozTfaYHOQVw=",
        "owner": "rivavolt",
        "repo": "nix-crx",
        "rev": "d9be73255b1011e088017bcd3b5475bac12a1d20",
        "type": "github"
      },
      "original": {
        "owner": "rivavolt",
        "repo": "nix-crx",
        "type": "github"
      }
    },
    "nix-webext": {
      "inputs": {
        "nix-crx": "nix-crx",
        "nixpkgs": "nixpkgs"
      },
      "locked": {
        "lastModified": 1781136348,
        "narHash": "sha256-q+9GABMcArT/kBDq+6EmV6iNGMF7PkFa9FMUDQMFzkI=",
        "owner": "rivavolt",
        "repo": "nix-webext",
        "rev": "eb7fbdb74fbc012d0cba90f8e0f2b57fca709773",
        "type": "github"
      },
      "original": {
        "owner": "rivavolt",
        "repo": "nix-webext",
        "type": "github"
      }
    },
    "nixpkgs": {
      "locked": {
        "lastModified": 1780749050,
        "narHash": "sha256-3av0pIjlOWQ6rDbNOmpUSvbNnJkGORQKKjb4LtCZsIY=",
        "owner": "NixOS",
        "repo": "nixpkgs",
        "rev": "a799d3e3886da994fa307f817a6bc705ae538eeb",
        "type": "github"
      },
      "original": {
        "owner": "NixOS",
        "ref": "nixos-unstable",
        "repo": "nixpkgs",
        "type": "github"
      }
    },
    "nixpkgs_2": {
      "locked": {
        "lastModified": 1780749050,
        "narHash": "sha256-3av0pIjlOWQ6rDbNOmpUSvbNnJkGORQKKjb4LtCZsIY=",
        "owner": "NixOS",
        "repo": "nixpkgs",
        "rev": "a799d3e3886da994fa307f817a6bc705ae538eeb",
        "type": "github"
      },
      "original": {
        "owner": "NixOS",
        "ref": "nixos-unstable",
        "repo": "nixpkgs",
        "type": "github"
      }
    },
    "root": {
      "inputs": {
        "nix-webext": "nix-webext",
        "nixpkgs": "nixpkgs_2"
      }
    }
  },
  "root": "root",
  "version": 7
}
