{
  "nodes": {
    "nix-crx": {
      "locked": {
        "lastModified": 1774606966,
        "narHash": "sha256-gZjn7eVv79YWirHn1tyjnZYl+yuonowKYwKzIn49+UI=",
        "owner": "rivavolt",
        "repo": "nix-crx",
        "rev": "61e1c59e941cd73fc849edd38ed36e3b90b76b82",
        "type": "github"
      },
      "original": {
        "owner": "rivavolt",
        "repo": "nix-crx",
        "type": "github"
      }
    },
    "nixpkgs": {
      "locked": {
        "lastModified": 1772773019,
        "narHash": "sha256-E1bxHxNKfDoQUuvriG71+f+s/NT0qWkImXsYZNFFfCs=",
        "owner": "NixOS",
        "repo": "nixpkgs",
        "rev": "aca4d95fce4914b3892661bcb80b8087293536c6",
        "type": "github"
      },
      "original": {
        "owner": "NixOS",
        "ref": "nixos-unstable",
        "repo": "nixpkgs",
        "type": "github"
      }
    },
    "root": {
      "inputs": {
        "nix-crx": "nix-crx",
        "nixpkgs": "nixpkgs"
      }
    }
  },
  "root": "root",
  "version": 7
}
