{
  "nodes": {
    "nix-crx": {
      "locked": {
        "lastModified": 1772900767,
        "narHash": "sha256-fqMNUKA0jSPK4X4Z6U1KRt2uLx8nGpVqV3HuTnvjlZk=",
        "owner": "andreivolt",
        "repo": "nix-crx",
        "rev": "b762b1c21a4ae4b4bff36f5791d721fbebf45920",
        "type": "github"
      },
      "original": {
        "owner": "andreivolt",
        "repo": "nix-crx",
        "type": "github"
      }
    },
    "nixpkgs": {
      "locked": {
        "lastModified": 1772773019,
        "narHash": "sha256-E1bxHxNKfDoQUuvriG71+f+s/NT0qWkImXsYZNFFfCs=",
        "owner": "NixOS",
        "repo": "nixpkgs",
        "rev": "aca4d95fce4914b3892661bcb80b8087293536c6",
        "type": "github"
      },
      "original": {
        "owner": "NixOS",
        "ref": "nixos-unstable",
        "repo": "nixpkgs",
        "type": "github"
      }
    },
    "root": {
      "inputs": {
        "nix-crx": "nix-crx",
        "nixpkgs": "nixpkgs"
      }
    }
  },
  "root": "root",
  "version": 7
}
